
Microsoft Visual Studio Solution File, Format Version 12.00
# Visual Studio Version 17
VisualStudioVersion = 17.5.33516.290
MinimumVisualStudioVersion = 10.0.40219.1
Project("{9A19103F-16F7-4668-BE54-9A1E7A4F7556}") = "BenchmarkWebApiVsGrpc.WebApp", "BenchmarkWebApiVsGrpc.WebApplication\BenchmarkWebApiVsGrpc.WebApp.csproj", "{363077C0-D541-40EA-A7BD-16CA2D5ACEAD}"
EndProject
Project("{FAE04EC0-301F-11D3-BF4B-00C04F79EFBC}") = "BenchmarkWebApiVsGrpc.TestApp", "BenchmarkWebApiVsGrpc.TestApp\BenchmarkWebApiVsGrpc.TestApp.csproj", "{DFB7BC6D-405C-470B-8DF6-9B1EAB0D6410}"
EndProject
Global
	GlobalSection(SolutionConfigurationPlatforms) = preSolution
		Debug|Any CPU = Debug|Any CPU
		Release|Any CPU = Release|Any CPU
	EndGlobalSection
	GlobalSection(ProjectConfigurationPlatforms) = postSolution
		{363077C0-D541-40EA-A7BD-16CA2D5ACEAD}.Debug|Any CPU.ActiveCfg = Debug|Any CPU
		{363077C0-D541-40EA-A7BD-16CA2D5ACEAD}.Debug|Any CPU.Build.0 = Debug|Any CPU
		{363077C0-D541-40EA-A7BD-16CA2D5ACEAD}.Release|Any CPU.ActiveCfg = Release|Any CPU
		{363077C0-D541-40EA-A7BD-16CA2D5ACEAD}.Release|Any CPU.Build.0 = Release|Any CPU
		{DFB7BC6D-405C-470B-8DF6-9B1EAB0D6410}.Debug|Any CPU.ActiveCfg = Debug|Any CPU
		{DFB7BC6D-405C-470B-8DF6-9B1EAB0D6410}.Debug|Any CPU.Build.0 = Debug|Any CPU
		{DFB7BC6D-405C-470B-8DF6-9B1EAB0D6410}.Release|Any CPU.ActiveCfg = Release|Any CPU
		{DFB7BC6D-405C-470B-8DF6-9B1EAB0D6410}.Release|Any CPU.Build.0 = Release|Any CPU
	EndGlobalSection
	GlobalSection(SolutionProperties) = preSolution
		HideSolutionNode = FALSE
	EndGlobalSection
	GlobalSection(ExtensibilityGlobals) = postSolution
		SolutionGuid = {8C07C672-8F5A-4997-997A-F584A77B14A4}
	EndGlobalSection
EndGlobal
